
Microsoft Visual Studio Solution File, Format Version 12.00
# Visual Studio Version 16
VisualStudioVersion = 16.0.29509.3
MinimumVisualStudioVersion = 10.0.40219.1
Project("{FAE04EC0-301F-11D3-BF4B-00C04F79EFBC}") = "Chickweed", "Chickweed.csproj", "{284A70F5-8F74-4CB5-B6A8-DDB419A18497}"
EndProject
Global
	GlobalSection(SolutionConfigurationPlatforms) = preSolution
		Debug|Any CPU = Debug|Any CPU
		Release|Any CPU = Release|Any CPU
	EndGlobalSection
	GlobalSection(ProjectConfigurationPlatforms) = postSolution
		{284A70F5-8F74-4CB5-B6A8-DDB419A18497}.Debug|Any CPU.ActiveCfg = Debug|Any CPU
		{284A70F5-8F74-4CB5-B6A8-DDB419A18497}.Debug|Any CPU.Build.0 = Debug|Any CPU
		{284A70F5-8F74-4CB5-B6A8-DDB419A18497}.Release|Any CPU.ActiveCfg = Release|Any CPU
		{284A70F5-8F74-4CB5-B6A8-DDB419A18497}.Release|Any CPU.Build.0 = Release|Any CPU
	EndGlobalSection
	GlobalSection(SolutionProperties) = preSolution
		HideSolutionNode = FALSE
	EndGlobalSection
	GlobalSection(ExtensibilityGlobals) = postSolution
		SolutionGuid = {8BEF794E-14E5-4420-9F9C-88B22D95A6F9}
	EndGlobalSection
EndGlobal
